// !$*UTF8*$!
{
	archiveVersion = 1;
	classes = {
	};
	objectVersion = 77;
	objects = {

/* Begin PBXBuildFile section */
		35C1A9F12CD64A9D00B39F17 /* GameController.framework in Frameworks */ = {isa = PBXBuildFile; fileRef = 35C1A9F02CD64A9D00B39F17 /* GameController.framework */; };
		35C1A9F32CD64AA800B39F17 /* Airplanes.xcframework in Frameworks */ = {isa = PBXBuildFile; fileRef = 35C1A9F22CD64AA800B39F17 /* Airplanes.xcframework */; };
/* End PBXBuildFile section */

/* Begin PBXContainerItemProxy section */
		35C1A9D32CD64A7900B39F17 /* PBXContainerItemProxy */ = {
			isa = PBXContainerItemProxy;
			containerPortal = 35C1A9AC2CD64A7700B39F17 /* Project object */;
			proxyType = 1;
			remoteGlobalIDString = 35C1A9B32CD64A7700B39F17;
			remoteInfo = Airplanes;
		};
		35C1A9DD2CD64A7900B39F17 /* PBXContainerItemProxy */ = {
			isa = PBXContainerItemProxy;
			containerPortal = 35C1A9AC2CD64A7700B39F17 /* Project object */;
			proxyType = 1;
			remoteGlobalIDString = 35C1A9B32CD64A7700B39F17;
			remoteInfo = Airplanes;
		};
/* End PBXContainerItemProxy section */

/* Begin PBXFileReference section */
		35C1A9B42CD64A7700B39F17 /* Airplanes.app */ = {isa = PBXFileReference; explicitFileType = wrapper.application; includeInIndex = 0; path = Airplanes.app; sourceTree = BUILT_PRODUCTS_DIR; };
		35C1A9D22CD64A7900B39F17 /* AirplanesTests.xctest */ = {isa = PBXFileReference; explicitFileType = wrapper.cfbundle; includeInIndex = 0; path = AirplanesTests.xctest; sourceTree = BUILT_PRODUCTS_DIR; };
		35C1A9DC2CD64A7900B39F17 /* AirplanesUITests.xctest */ = {isa = PBXFileReference; explicitFileType = wrapper.cfbundle; includeInIndex = 0; path = AirplanesUITests.xctest; sourceTree = BUILT_PRODUCTS_DIR; };
		35C1A9F02CD64A9D00B39F17 /* GameController.framework */ = {isa = PBXFileReference; lastKnownFileType = wrapper.framework; name = GameController.framework; path = System/Library/Frameworks/GameController.framework; sourceTree = SDKROOT; };
		35C1A9F22CD64AA800B39F17 /* Airplanes.xcframework */ = {isa = PBXFileReference; lastKnownFileType = wrapper.xcframework; name = Airplanes.xcframework; path = ../Airplanes.xcframework; sourceTree = "<group>"; };
/* End PBXFileReference section */

/* Begin PBXFileSystemSynchronizedRootGroup section */
		35C1A9B62CD64A7700B39F17 /* Airplanes */ = {
			isa = PBXFileSystemSynchronizedRootGroup;
			path = Airplanes;
			sourceTree = "<group>";
		};
		35C1A9D52CD64A7900B39F17 /* AirplanesTests */ = {
			isa = PBXFileSystemSynchronizedRootGroup;
			path = AirplanesTests;
			sourceTree = "<group>";
		};
		35C1A9DF2CD64A7900B39F17 /* AirplanesUITests */ = {
			isa = PBXFileSystemSynchronizedRootGroup;
			path = AirplanesUITests;
			sourceTree = "<group>";
		};
/* End PBXFileSystemSynchronizedRootGroup section */

/* Begin PBXFrameworksBuildPhase section */
		35C1A9B12CD64A7700B39F17 /* Frameworks */ = {
			isa = PBXFrameworksBuildPhase;
			buildActionMask = 2147483647;
			files = (
				35C1A9F12CD64A9D00B39F17 /* GameController.framework in Frameworks */,
				35C1A9F32CD64AA800B39F17 /* Airplanes.xcframework in Frameworks */,
			);
			runOnlyForDeploymentPostprocessing = 0;
		};
		35C1A9CF2CD64A7900B39F17 /* Frameworks */ = {
			isa = PBXFrameworksBuildPhase;
			buildActionMask = 2147483647;
			files = (
			);
			runOnlyForDeploymentPostprocessing = 0;
		};
		35C1A9D92CD64A7900B39F17 /* Frameworks */ = {
			isa = PBXFrameworksBuildPhase;
			buildActionMask = 2147483647;
			files = (
			);
			runOnlyForDeploymentPostprocessing = 0;
		};
/* End PBXFrameworksBuildPhase section */

/* Begin PBXGroup section */
		35C1A9AB2CD64A7700B39F17 = {
			isa = PBXGroup;
			children = (
				35C1A9B62CD64A7700B39F17 /* Airplanes */,
				35C1A9D52CD64A7900B39F17 /* AirplanesTests */,
				35C1A9DF2CD64A7900B39F17 /* AirplanesUITests */,
				35C1A9EF2CD64A9C00B39F17 /* Frameworks */,
				35C1A9B52CD64A7700B39F17 /* Products */,
			);
			sourceTree = "<group>";
		};
		35C1A9B52CD64A7700B39F17 /* Products */ = {
			isa = PBXGroup;
			children = (
				35C1A9B42CD64A7700B39F17 /* Airplanes.app */,
				35C1A9D22CD64A7900B39F17 /* AirplanesTests.xctest */,
				35C1A9DC2CD64A7900B39F17 /* AirplanesUITests.xctest */,
			);
			name = Products;
			sourceTree = "<group>";
		};
		35C1A9EF2CD64A9C00B39F17 /* Frameworks */ = {
			isa = PBXGroup;
			children = (
				35C1A9F22CD64AA800B39F17 /* Airplanes.xcframework */,
				35C1A9F02CD64A9D00B39F17 /* GameController.framework */,
			);
			name = Frameworks;
			sourceTree = "<group>";
		};
/* End PBXGroup section */

/* Begin PBXNativeTarget section */
		35C1A9B32CD64A7700B39F17 /* Airplanes */ = {
			isa = PBXNativeTarget;
			buildConfigurationList = 35C1A9E62CD64A7900B39F17 /* Build configuration list for PBXNativeTarget "Airplanes" */;
			buildPhases = (
				35C1A9B02CD64A7700B39F17 /* Sources */,
				35C1A9B12CD64A7700B39F17 /* Frameworks */,
				35C1A9B22CD64A7700B39F17 /* Resources */,
			);
			buildRules = (
			);
			dependencies = (
			);
			fileSystemSynchronizedGroups = (
				35C1A9B62CD64A7700B39F17 /* Airplanes */,
			);
			name = Airplanes;
			packageProductDependencies = (
			);
			productName = Airplanes;
			productReference = 35C1A9B42CD64A7700B39F17 /* Airplanes.app */;
			productType = "com.apple.product-type.application";
		};
		35C1A9D12CD64A7900B39F17 /* AirplanesTests */ = {
			isa = PBXNativeTarget;
			buildConfigurationList = 35C1A9E92CD64A7900B39F17 /* Build configuration list for PBXNativeTarget "AirplanesTests" */;
			buildPhases = (
				35C1A9CE2CD64A7900B39F17 /* Sources */,
				35C1A9CF2CD64A7900B39F17 /* Frameworks */,
				35C1A9D02CD64A7900B39F17 /* Resources */,
			);
			buildRules = (
			);
			dependencies = (
				35C1A9D42CD64A7900B39F17 /* PBXTargetDependency */,
			);
			fileSystemSynchronizedGroups = (
				35C1A9D52CD64A7900B39F17 /* AirplanesTests */,
			);
			name = AirplanesTests;
			packageProductDependencies = (
			);
			productName = AirplanesTests;
			productReference = 35C1A9D22CD64A7900B39F17 /* AirplanesTests.xctest */;
			productType = "com.apple.product-type.bundle.unit-test";
		};
		35C1A9DB2CD64A7900B39F17 /* AirplanesUITests */ = {
			isa = PBXNativeTarget;
			buildConfigurationList = 35C1A9EC2CD64A7900B39F17 /* Build configuration list for PBXNativeTarget "AirplanesUITests" */;
			buildPhases = (
				35C1A9D82CD64A7900B39F17 /* Sources */,
				35C1A9D92CD64A7900B39F17 /* Frameworks */,
				35C1A9DA2CD64A7900B39F17 /* Resources */,
			);
			buildRules = (
			);
			dependencies = (
				35C1A9DE2CD64A7900B39F17 /* PBXTargetDependency */,
			);
			fileSystemSynchronizedGroups = (
				35C1A9DF2CD64A7900B39F17 /* AirplanesUITests */,
			);
			name = AirplanesUITests;
			packageProductDependencies = (
			);
			productName = AirplanesUITests;
			productReference = 35C1A9DC2CD64A7900B39F17 /* AirplanesUITests.xctest */;
			productType = "com.apple.product-type.bundle.ui-testing";
		};
/* End PBXNativeTarget section */

/* Begin PBXProject section */
		35C1A9AC2CD64A7700B39F17 /* Project object */ = {
			isa = PBXProject;
			attributes = {
				BuildIndependentTargetsInParallel = 1;
				LastUpgradeCheck = 1610;
				TargetAttributes = {
					35C1A9B32CD64A7700B39F17 = {
						CreatedOnToolsVersion = 16.1;
					};
					35C1A9D12CD64A7900B39F17 = {
						CreatedOnToolsVersion = 16.1;
						TestTargetID = 35C1A9B32CD64A7700B39F17;
					};
					35C1A9DB2CD64A7900B39F17 = {
						CreatedOnToolsVersion = 16.1;
						TestTargetID = 35C1A9B32CD64A7700B39F17;
					};
				};
			};
			buildConfigurationList = 35C1A9AF2CD64A7700B39F17 /* Build configuration list for PBXProject "Airplanes" */;
			developmentRegion = en;
			hasScannedForEncodings = 0;
			knownRegions = (
				en,
				Base,
			);
			mainGroup = 35C1A9AB2CD64A7700B39F17;
			minimizedProjectReferenceProxies = 1;
			preferredProjectObjectVersion = 77;
			productRefGroup = 35C1A9B52CD64A7700B39F17 /* Products */;
			projectDirPath = "";
			projectRoot = "";
			targets = (
				35C1A9B32CD64A7700B39F17 /* Airplanes */,
				35C1A9D12CD64A7900B39F17 /* AirplanesTests */,
				35C1A9DB2CD64A7900B39F17 /* AirplanesUITests */,
			);
		};
/* End PBXProject section */

/* Begin PBXResourcesBuildPhase section */
		35C1A9B22CD64A7700B39F17 /* Resources */ = {
			isa = PBXResourcesBuildPhase;
			buildActionMask = 2147483647;
			files = (
			);
			runOnlyForDeploymentPostprocessing = 0;
		};
		35C1A9D02CD64A7900B39F17 /* Resources */ = {
			isa = PBXResourcesBuildPhase;
			buildActionMask = 2147483647;
			files = (
			);
			runOnlyForDeploymentPostprocessing = 0;
		};
		35C1A9DA2CD64A7900B39F17 /* Resources */ = {
			isa = PBXResourcesBuildPhase;
			buildActionMask = 2147483647;
			files = (
			);
			runOnlyForDeploymentPostprocessing = 0;
		};
/* End PBXResourcesBuildPhase section */

/* Begin PBXSourcesBuildPhase section */
		35C1A9B02CD64A7700B39F17 /* Sources */ = {
			isa = PBXSourcesBuildPhase;
			buildActionMask = 2147483647;
			files = (
			);
			runOnlyForDeploymentPostprocessing = 0;
		};
		35C1A9CE2CD64A7900B39F17 /* Sources */ = {
			isa = PBXSourcesBuildPhase;
			buildActionMask = 2147483647;
			files = (
			);
			runOnlyForDeploymentPostprocessing = 0;
		};
		35C1A9D82CD64A7900B39F17 /* Sources */ = {
			isa = PBXSourcesBuildPhase;
			buildActionMask = 2147483647;
			files = (
			);
			runOnlyForDeploymentPostprocessing = 0;
		};
/* End PBXSourcesBuildPhase section */

/* Begin PBXTargetDependency section */
		35C1A9D42CD64A7900B39F17 /* PBXTargetDependency */ = {
			isa = PBXTargetDependency;
			target = 35C1A9B32CD64A7700B39F17 /* Airplanes */;
			targetProxy = 35C1A9D32CD64A7900B39F17 /* PBXContainerItemProxy */;
		};
		35C1A9DE2CD64A7900B39F17 /* PBXTargetDependency */ = {
			isa = PBXTargetDependency;
			target = 35C1A9B32CD64A7700B39F17 /* Airplanes */;
			targetProxy = 35C1A9DD2CD64A7900B39F17 /* PBXContainerItemProxy */;
		};
/* End PBXTargetDependency section */

/* Begin XCBuildConfiguration section */
		35C1A9E42CD64A7900B39F17 /* Debug */ = {
			isa = XCBuildConfiguration;
			buildSettings = {
				ALWAYS_SEARCH_USER_PATHS = NO;
				ASSETCATALOG_COMPILER_GENERATE_SWIFT_ASSET_SYMBOL_EXTENSIONS = YES;
				CLANG_ANALYZER_NONNULL = YES;
				CLANG_ANALYZER_NUMBER_OBJECT_CONVERSION = YES_AGGRESSIVE;
				CLANG_CXX_LANGUAGE_STANDARD = "gnu++20";
				CLANG_ENABLE_MODULES = YES;
				CLANG_ENABLE_OBJC_ARC = YES;
				CLANG_ENABLE_OBJC_WEAK = YES;
				CLANG_WARN_BLOCK_CAPTURE_AUTORELEASING = YES;
				CLANG_WARN_BOOL_CONVERSION = YES;
				CLANG_WARN_COMMA = YES;
				CLANG_WARN_CONSTANT_CONVERSION = YES;
				CLANG_WARN_DEPRECATED_OBJC_IMPLEMENTATIONS = YES;
				CLANG_WARN_DIRECT_OBJC_ISA_USAGE = YES_ERROR;
				CLANG_WARN_DOCUMENTATION_COMMENTS = YES;
				CLANG_WARN_EMPTY_BODY = YES;
				CLANG_WARN_ENUM_CONVERSION = YES;
				CLANG_WARN_INFINITE_RECURSION = YES;
				CLANG_WARN_INT_CONVERSION = YES;
				CLANG_WARN_NON_LITERAL_NULL_CONVERSION = YES;
				CLANG_WARN_OBJC_IMPLICIT_RETAIN_SELF = YES;
				CLANG_WARN_OBJC_LITERAL_CONVERSION = YES;
				CLANG_WARN_OBJC_ROOT_CLASS = YES_ERROR;
				CLANG_WARN_QUOTED_INCLUDE_IN_FRAMEWORK_HEADER = YES;
				CLANG_WARN_RANGE_LOOP_ANALYSIS = YES;
				CLANG_WARN_STRICT_PROTOTYPES = YES;
				CLANG_WARN_SUSPICIOUS_MOVE = YES;
				CLANG_WARN_UNGUARDED_AVAILABILITY = YES_AGGRESSIVE;
				CLANG_WARN_UNREACHABLE_CODE = YES;
				CLANG_WARN__DUPLICATE_METHOD_MATCH = YES;
				COPY_PHASE_STRIP = NO;
				DEBUG_INFORMATION_FORMAT = dwarf;
				ENABLE_STRICT_OBJC_MSGSEND = YES;
				ENABLE_TESTABILITY = YES;
				ENABLE_USER_SCRIPT_SANDBOXING = YES;
				GCC_C_LANGUAGE_STANDARD = gnu17;
				GCC_DYNAMIC_NO_PIC = NO;
				GCC_NO_COMMON_BLOCKS = YES;
				GCC_OPTIMIZATION_LEVEL = 0;
				GCC_PREPROCESSOR_DEFINITIONS = (
					"DEBUG=1",
					"$(inherited)",
				);
				GCC_WARN_64_TO_32_BIT_CONVERSION = YES;
				GCC_WARN_ABOUT_RETURN_TYPE = YES_ERROR;
				GCC_WARN_UNDECLARED_SELECTOR = YES;
				GCC_WARN_UNINITIALIZED_AUTOS = YES_AGGRESSIVE;
				GCC_WARN_UNUSED_FUNCTION = YES;
				GCC_WARN_UNUSED_VARIABLE = YES;
				IPHONEOS_DEPLOYMENT_TARGET = 18.1;
				LOCALIZATION_PREFERS_STRING_CATALOGS = YES;
				MTL_ENABLE_DEBUG_INFO = INCLUDE_SOURCE;
				MTL_FAST_MATH = YES;
				ONLY_ACTIVE_ARCH = YES;
				SDKROOT = iphoneos;
			};
			name = Debug;
		};
		35C1A9E52CD64A7900B39F17 /* Release */ = {
			isa = XCBuildConfiguration;
			buildSettings = {
				ALWAYS_SEARCH_USER_PATHS = NO;
				ASSETCATALOG_COMPILER_GENERATE_SWIFT_ASSET_SYMBOL_EXTENSIONS = YES;
				CLANG_ANALYZER_NONNULL = YES;
				CLANG_ANALYZER_NUMBER_OBJECT_CONVERSION = YES_AGGRESSIVE;
				CLANG_CXX_LANGUAGE_STANDARD = "gnu++20";
				CLANG_ENABLE_MODULES = YES;
				CLANG_ENABLE_OBJC_ARC = YES;
				CLANG_ENABLE_OBJC_WEAK = YES;
				CLANG_WARN_BLOCK_CAPTURE_AUTORELEASING = YES;
				CLANG_WARN_BOOL_CONVERSION = YES;
				CLANG_WARN_COMMA = YES;
				CLANG_WARN_CONSTANT_CONVERSION = YES;
				CLANG_WARN_DEPRECATED_OBJC_IMPLEMENTATIONS = YES;
				CLANG_WARN_DIRECT_OBJC_ISA_USAGE = YES_ERROR;
				CLANG_WARN_DOCUMENTATION_COMMENTS = YES;
				CLANG_WARN_EMPTY_BODY = YES;
				CLANG_WARN_ENUM_CONVERSION = YES;
				CLANG_WARN_INFINITE_RECURSION = YES;
				CLANG_WARN_INT_CONVERSION = YES;
				CLANG_WARN_NON_LITERAL_NULL_CONVERSION = YES;
				CLANG_WARN_OBJC_IMPLICIT_RETAIN_SELF = YES;
				CLANG_WARN_OBJC_LITERAL_CONVERSION = YES;
				CLANG_WARN_OBJC_ROOT_CLASS = YES_ERROR;
				CLANG_WARN_QUOTED_INCLUDE_IN_FRAMEWORK_HEADER = YES;
				CLANG_WARN_RANGE_LOOP_ANALYSIS = YES;
				CLANG_WARN_STRICT_PROTOTYPES = YES;
				CLANG_WARN_SUSPICIOUS_MOVE = YES;
				CLANG_WARN_UNGUARDED_AVAILABILITY = YES_AGGRESSIVE;
				CLANG_WARN_UNREACHABLE_CODE = YES;
				CLANG_WARN__DUPLICATE_METHOD_MATCH = YES;
				COPY_PHASE_STRIP = NO;
				DEBUG_INFORMATION_FORMAT = "dwarf-with-dsym";
				ENABLE_NS_ASSERTIONS = NO;
				ENABLE_STRICT_OBJC_MSGSEND = YES;
				ENABLE_USER_SCRIPT_SANDBOXING = YES;
				GCC_C_LANGUAGE_STANDARD = gnu17;
				GCC_NO_COMMON_BLOCKS = YES;
				GCC_WARN_64_TO_32_BIT_CONVERSION = YES;
				GCC_WARN_ABOUT_RETURN_TYPE = YES_ERROR;
				GCC_WARN_UNDECLARED_SELECTOR = YES;
				GCC_WARN_UNINITIALIZED_AUTOS = YES_AGGRESSIVE;
				GCC_WARN_UNUSED_FUNCTION = YES;
				GCC_WARN_UNUSED_VARIABLE = YES;
				IPHONEOS_DEPLOYMENT_TARGET = 18.1;
				LOCALIZATION_PREFERS_STRING_CATALOGS = YES;
				MTL_ENABLE_DEBUG_INFO = NO;
				MTL_FAST_MATH = YES;
				SDKROOT = iphoneos;
				VALIDATE_PRODUCT = YES;
			};
			name = Release;
		};
		35C1A9E72CD64A7900B39F17 /* Debug */ = {
			isa = XCBuildConfiguration;
			buildSettings = {
				ASSETCATALOG_COMPILER_APPICON_NAME = AppIcon;
				ASSETCATALOG_COMPILER_GLOBAL_ACCENT_COLOR_NAME = AccentColor;
				CODE_SIGN_STYLE = Automatic;
				CURRENT_PROJECT_VERSION = 1;
				DEVELOPMENT_TEAM = 4GG7V976M5;
				GENERATE_INFOPLIST_FILE = YES;
				INFOPLIST_KEY_UIApplicationSupportsIndirectInputEvents = YES;
				INFOPLIST_KEY_UILaunchStoryboardName = LaunchScreen;
				INFOPLIST_KEY_UIMainStoryboardFile = Main;
				INFOPLIST_KEY_UIStatusBarHidden = YES;
				INFOPLIST_KEY_UISupportedInterfaceOrientations = UIInterfaceOrientationPortrait;
				INFOPLIST_KEY_UISupportedInterfaceOrientations_iPad = "UIInterfaceOrientationLandscapeLeft UIInterfaceOrientationLandscapeRight UIInterfaceOrientationPortrait UIInterfaceOrientationPortraitUpsideDown";
				IPHONEOS_DEPLOYMENT_TARGET = 18.0;
				LD_RUNPATH_SEARCH_PATHS = (
					"$(inherited)",
					"@executable_path/Frameworks",
				);
				MARKETING_VERSION = 1.0;
				PRODUCT_BUNDLE_IDENTIFIER = MementoOllie.Airplanes;
				PRODUCT_NAME = "$(TARGET_NAME)";
				SWIFT_EMIT_LOC_STRINGS = YES;
				TARGETED_DEVICE_FAMILY = "1,2";
			};
			name = Debug;
		};
		35C1A9E82CD64A7900B39F17 /* Release */ = {
			isa = XCBuildConfiguration;
			buildSettings = {
				ASSETCATALOG_COMPILER_APPICON_NAME = AppIcon;
				ASSETCATALOG_COMPILER_GLOBAL_ACCENT_COLOR_NAME = AccentColor;
				CODE_SIGN_STYLE = Automatic;
				CURRENT_PROJECT_VERSION = 1;
				DEVELOPMENT_TEAM = 4GG7V976M5;
				GENERATE_INFOPLIST_FILE = YES;
				INFOPLIST_KEY_UIApplicationSupportsIndirectInputEvents = YES;
				INFOPLIST_KEY_UILaunchStoryboardName = LaunchScreen;
				INFOPLIST_KEY_UIMainStoryboardFile = Main;
				INFOPLIST_KEY_UIStatusBarHidden = YES;
				INFOPLIST_KEY_UISupportedInterfaceOrientations = UIInterfaceOrientationPortrait;
				INFOPLIST_KEY_UISupportedInterfaceOrientations_iPad = "UIInterfaceOrientationLandscapeLeft UIInterfaceOrientationLandscapeRight UIInterfaceOrientationPortrait UIInterfaceOrientationPortraitUpsideDown";
				IPHONEOS_DEPLOYMENT_TARGET = 18.0;
				LD_RUNPATH_SEARCH_PATHS = (
					"$(inherited)",
					"@executable_path/Frameworks",
				);
				MARKETING_VERSION = 1.0;
				PRODUCT_BUNDLE_IDENTIFIER = MementoOllie.Airplanes;
				PRODUCT_NAME = "$(TARGET_NAME)";
				SWIFT_EMIT_LOC_STRINGS = YES;
				TARGETED_DEVICE_FAMILY = "1,2";
			};
			name = Release;
		};
		35C1A9EA2CD64A7900B39F17 /* Debug */ = {
			isa = XCBuildConfiguration;
			buildSettings = {
				BUNDLE_LOADER = "$(TEST_HOST)";
				CODE_SIGN_STYLE = Automatic;
				CURRENT_PROJECT_VERSION = 1;
				DEVELOPMENT_TEAM = 4GG7V976M5;
				GENERATE_INFOPLIST_FILE = YES;
				IPHONEOS_DEPLOYMENT_TARGET = 18.1;
				MARKETING_VERSION = 1.0;
				PRODUCT_BUNDLE_IDENTIFIER = MementoOllie.AirplanesTests;
				PRODUCT_NAME = "$(TARGET_NAME)";
				SWIFT_EMIT_LOC_STRINGS = NO;
				TARGETED_DEVICE_FAMILY = "1,2";
				TEST_HOST = "$(BUILT_PRODUCTS_DIR)/Airplanes.app/$(BUNDLE_EXECUTABLE_FOLDER_PATH)/Airplanes";
			};
			name = Debug;
		};
		35C1A9EB2CD64A7900B39F17 /* Release */ = {
			isa = XCBuildConfiguration;
			buildSettings = {
				BUNDLE_LOADER = "$(TEST_HOST)";
				CODE_SIGN_STYLE = Automatic;
				CURRENT_PROJECT_VERSION = 1;
				DEVELOPMENT_TEAM = 4GG7V976M5;
				GENERATE_INFOPLIST_FILE = YES;
				IPHONEOS_DEPLOYMENT_TARGET = 18.1;
				MARKETING_VERSION = 1.0;
				PRODUCT_BUNDLE_IDENTIFIER = MementoOllie.AirplanesTests;
				PRODUCT_NAME = "$(TARGET_NAME)";
				SWIFT_EMIT_LOC_STRINGS = NO;
				TARGETED_DEVICE_FAMILY = "1,2";
				TEST_HOST = "$(BUILT_PRODUCTS_DIR)/Airplanes.app/$(BUNDLE_EXECUTABLE_FOLDER_PATH)/Airplanes";
			};
			name = Release;
		};
		35C1A9ED2CD64A7900B39F17 /* Debug */ = {
			isa = XCBuildConfiguration;
			buildSettings = {
				CODE_SIGN_STYLE = Automatic;
				CURRENT_PROJECT_VERSION = 1;
				DEVELOPMENT_TEAM = 4GG7V976M5;
				GENERATE_INFOPLIST_FILE = YES;
				MARKETING_VERSION = 1.0;
				PRODUCT_BUNDLE_IDENTIFIER = MementoOllie.AirplanesUITests;
				PRODUCT_NAME = "$(TARGET_NAME)";
				SWIFT_EMIT_LOC_STRINGS = NO;
				TARGETED_DEVICE_FAMILY = "1,2";
				TEST_TARGET_NAME = Airplanes;
			};
			name = Debug;
		};
		35C1A9EE2CD64A7900B39F17 /* Release */ = {
			isa = XCBuildConfiguration;
			buildSettings = {
				CODE_SIGN_STYLE = Automatic;
				CURRENT_PROJECT_VERSION = 1;
				DEVELOPMENT_TEAM = 4GG7V976M5;
				GENERATE_INFOPLIST_FILE = YES;
				MARKETING_VERSION = 1.0;
				PRODUCT_BUNDLE_IDENTIFIER = MementoOllie.AirplanesUITests;
				PRODUCT_NAME = "$(TARGET_NAME)";
				SWIFT_EMIT_LOC_STRINGS = NO;
				TARGETED_DEVICE_FAMILY = "1,2";
				TEST_TARGET_NAME = Airplanes;
			};
			name = Release;
		};
/* End XCBuildConfiguration section */

/* Begin XCConfigurationList section */
		35C1A9AF2CD64A7700B39F17 /* Build configuration list for PBXProject "Airplanes" */ = {
			isa = XCConfigurationList;
			buildConfigurations = (
				35C1A9E42CD64A7900B39F17 /* Debug */,
				35C1A9E52CD64A7900B39F17 /* Release */,
			);
			defaultConfigurationIsVisible = 0;
			defaultConfigurationName = Release;
		};
		35C1A9E62CD64A7900B39F17 /* Build configuration list for PBXNativeTarget "Airplanes" */ = {
			isa = XCConfigurationList;
			buildConfigurations = (
				35C1A9E72CD64A7900B39F17 /* Debug */,
				35C1A9E82CD64A7900B39F17 /* Release */,
			);
			defaultConfigurationIsVisible = 0;
			defaultConfigurationName = Release;
		};
		35C1A9E92CD64A7900B39F17 /* Build configuration list for PBXNativeTarget "AirplanesTests" */ = {
			isa = XCConfigurationList;
			buildConfigurations = (
				35C1A9EA2CD64A7900B39F17 /* Debug */,
				35C1A9EB2CD64A7900B39F17 /* Release */,
			);
			defaultConfigurationIsVisible = 0;
			defaultConfigurationName = Release;
		};
		35C1A9EC2CD64A7900B39F17 /* Build configuration list for PBXNativeTarget "AirplanesUITests" */ = {
			isa = XCConfigurationList;
			buildConfigurations = (
				35C1A9ED2CD64A7900B39F17 /* Debug */,
				35C1A9EE2CD64A7900B39F17 /* Release */,
			);
			defaultConfigurationIsVisible = 0;
			defaultConfigurationName = Release;
		};
/* End XCConfigurationList section */
	};
	rootObject = 35C1A9AC2CD64A7700B39F17 /* Project object */;
}
